# This file is generated by running "yarn install" inside your project.
# Manual changes might be lost - proceed with caution!

__metadata:
  version: 8
  cacheKey: 10c0

"picocolors@npm:1.1.1":
  version: 1.1.1
  resolution: "picocolors@npm:1.1.1"
  checksum: 10c0/e2e3e8170ab9d7c7421969adaa7e1b31434f789afb9b3f115f6b96d91945041ac3ceb02e9ec6fe6510ff036bcc0bf91e69a1772edc0b707e12b19c0f2d6bcf58
  languageName: node
  linkType: hard

"yarn-basic-fixture@workspace:.":
  version: 0.0.0-use.local
  resolution: "yarn-basic-fixture@workspace:."
  dependencies:
    picocolors: "npm:1.1.1"
  languageName: unknown
  linkType: soft
